
Microsoft Visual Studio Solution File, Format Version 12.00
# Visual Studio Version 16
VisualStudioVersion = 16.0.30204.135
MinimumVisualStudioVersion = 10.0.40219.1
Project("{FAE04EC0-301F-11D3-BF4B-00C04F79EFBC}") = "AAA", "AAA\AAA.csproj", "{A55807C8-8AD0-4ACA-A8A2-D7731DAEED90}"
EndProject
Global
	GlobalSection(SolutionConfigurationPlatforms) = preSolution
		Debug|Any CPU = Debug|Any CPU
		Release|Any CPU = Release|Any CPU
	EndGlobalSection
	GlobalSection(ProjectConfigurationPlatforms) = postSolution
		{A55807C8-8AD0-4ACA-A8A2-D7731DAEED90}.Debug|Any CPU.ActiveCfg = Debug|Any CPU
		{A55807C8-8AD0-4ACA-A8A2-D7731DAEED90}.Debug|Any CPU.Build.0 = Debug|Any CPU
		{A55807C8-8AD0-4ACA-A8A2-D7731DAEED90}.Release|Any CPU.ActiveCfg = Release|Any CPU
		{A55807C8-8AD0-4ACA-A8A2-D7731DAEED90}.Release|Any CPU.Build.0 = Release|Any CPU
	EndGlobalSection
	GlobalSection(SolutionProperties) = preSolution
		HideSolutionNode = FALSE
	EndGlobalSection
	GlobalSection(ExtensibilityGlobals) = postSolution
		SolutionGuid = {28AB080F-859C-4346-A314-0B2ECD11BDF0}
	EndGlobalSection
EndGlobal
